
Microsoft Visual Studio Solution File, Format Version 12.00
# Visual Studio Version 17
VisualStudioVersion = 17.14.36623.8
MinimumVisualStudioVersion = 10.0.40219.1
Project("{2150E333-8FDC-42A3-9474-1A3956D46DE8}") = "Services", "Services", "{02EA681E-C7D8-13C7-8484-4AC65E1B71E8}"
EndProject
Project("{2150E333-8FDC-42A3-9474-1A3956D46DE8}") = "Catalog", "Catalog", "{D81FC6D2-649B-47EE-AA22-635F12C9F5DA}"
EndProject
Project("{FAE04EC0-301F-11D3-BF4B-00C04F79EFBC}") = "CatalogAPI", "Services\Catalog\CatalogAPI\CatalogAPI.csproj", "{A48BE871-0B62-4653-8DF8-D1CBA7A2F249}"
EndProject
Project("{2150E333-8FDC-42A3-9474-1A3956D46DE8}") = "BuildingBlocks", "BuildingBlocks", "{560F5403-EAAC-4468-953B-F8E1BCB32FA6}"
EndProject
Project("{FAE04EC0-301F-11D3-BF4B-00C04F79EFBC}") = "BuildingBlocks", "BuildingBlocks\BuildingBlocks\BuildingBlocks.csproj", "{C45D6E52-57F7-4754-B606-D8746070A59C}"
EndProject
Project("{E53339B2-1760-4266-BCC7-CA923CBCF16C}") = "docker-compose-dev", "docker-compose-dev.dcproj", "{81DDED9D-158B-E303-5F62-77A2896D2A5A}"
EndProject
Project("{2150E333-8FDC-42A3-9474-1A3956D46DE8}") = "Basket", "Basket", "{68611A71-67E4-43FA-A13A-85445A4ABF1B}"
EndProject
Project("{FAE04EC0-301F-11D3-BF4B-00C04F79EFBC}") = "BasketAPI", "Services\Basket\BasketAPI\BasketAPI.csproj", "{AAB98810-ED43-4B48-B363-7799AE46B1BE}"
EndProject
Project("{2150E333-8FDC-42A3-9474-1A3956D46DE8}") = "Discount", "Discount", "{56E43A45-0E28-4236-BA5C-11E4F5E72F71}"
EndProject
Project("{FAE04EC0-301F-11D3-BF4B-00C04F79EFBC}") = "Discount", "Services\Discount\Discount\Discount.csproj", "{8EFC2924-293C-4CD3-B67D-DA08EAC8633C}"
EndProject
Global
	GlobalSection(SolutionConfigurationPlatforms) = preSolution
		Debug|Any CPU = Debug|Any CPU
		Release|Any CPU = Release|Any CPU
	EndGlobalSection
	GlobalSection(ProjectConfigurationPlatforms) = postSolution
		{A48BE871-0B62-4653-8DF8-D1CBA7A2F249}.Debug|Any CPU.ActiveCfg = Debug|Any CPU
		{A48BE871-0B62-4653-8DF8-D1CBA7A2F249}.Debug|Any CPU.Build.0 = Debug|Any CPU
		{A48BE871-0B62-4653-8DF8-D1CBA7A2F249}.Release|Any CPU.ActiveCfg = Release|Any CPU
		{A48BE871-0B62-4653-8DF8-D1CBA7A2F249}.Release|Any CPU.Build.0 = Release|Any CPU
		{C45D6E52-57F7-4754-B606-D8746070A59C}.Debug|Any CPU.ActiveCfg = Debug|Any CPU
		{C45D6E52-57F7-4754-B606-D8746070A59C}.Debug|Any CPU.Build.0 = Debug|Any CPU
		{C45D6E52-57F7-4754-B606-D8746070A59C}.Release|Any CPU.ActiveCfg = Release|Any CPU
		{C45D6E52-57F7-4754-B606-D8746070A59C}.Release|Any CPU.Build.0 = Release|Any CPU
		{81DDED9D-158B-E303-5F62-77A2896D2A5A}.Debug|Any CPU.ActiveCfg = Debug|Any CPU
		{81DDED9D-158B-E303-5F62-77A2896D2A5A}.Debug|Any CPU.Build.0 = Debug|Any CPU
		{81DDED9D-158B-E303-5F62-77A2896D2A5A}.Release|Any CPU.ActiveCfg = Release|Any CPU
		{81DDED9D-158B-E303-5F62-77A2896D2A5A}.Release|Any CPU.Build.0 = Release|Any CPU
		{AAB98810-ED43-4B48-B363-7799AE46B1BE}.Debug|Any CPU.ActiveCfg = Debug|Any CPU
		{AAB98810-ED43-4B48-B363-7799AE46B1BE}.Debug|Any CPU.Build.0 = Debug|Any CPU
		{AAB98810-ED43-4B48-B363-7799AE46B1BE}.Release|Any CPU.ActiveCfg = Release|Any CPU
		{AAB98810-ED43-4B48-B363-7799AE46B1BE}.Release|Any CPU.Build.0 = Release|Any CPU
		{8EFC2924-293C-4CD3-B67D-DA08EAC8633C}.Debug|Any CPU.ActiveCfg = Debug|Any CPU
		{8EFC2924-293C-4CD3-B67D-DA08EAC8633C}.Debug|Any CPU.Build.0 = Debug|Any CPU
		{8EFC2924-293C-4CD3-B67D-DA08EAC8633C}.Release|Any CPU.ActiveCfg = Release|Any CPU
		{8EFC2924-293C-4CD3-B67D-DA08EAC8633C}.Release|Any CPU.Build.0 = Release|Any CPU
	EndGlobalSection
	GlobalSection(SolutionProperties) = preSolution
		HideSolutionNode = FALSE
	EndGlobalSection
	GlobalSection(NestedProjects) = preSolution
		{D81FC6D2-649B-47EE-AA22-635F12C9F5DA} = {02EA681E-C7D8-13C7-8484-4AC65E1B71E8}
		{A48BE871-0B62-4653-8DF8-D1CBA7A2F249} = {D81FC6D2-649B-47EE-AA22-635F12C9F5DA}
		{C45D6E52-57F7-4754-B606-D8746070A59C} = {560F5403-EAAC-4468-953B-F8E1BCB32FA6}
		{68611A71-67E4-43FA-A13A-85445A4ABF1B} = {02EA681E-C7D8-13C7-8484-4AC65E1B71E8}
		{AAB98810-ED43-4B48-B363-7799AE46B1BE} = {68611A71-67E4-43FA-A13A-85445A4ABF1B}
		{56E43A45-0E28-4236-BA5C-11E4F5E72F71} = {02EA681E-C7D8-13C7-8484-4AC65E1B71E8}
		{8EFC2924-293C-4CD3-B67D-DA08EAC8633C} = {56E43A45-0E28-4236-BA5C-11E4F5E72F71}
	EndGlobalSection
	GlobalSection(ExtensibilityGlobals) = postSolution
		SolutionGuid = {CE6969D5-C7B7-4811-9425-B248B00E0D9D}
	EndGlobalSection
EndGlobal
